
Microsoft Visual Studio Solution File, Format Version 12.00
# Visual Studio Version 16
VisualStudioVersion = 16.0.31702.278
MinimumVisualStudioVersion = 10.0.40219.1
Project("{FAE04EC0-301F-11D3-BF4B-00C04F79EFBC}") = "TabBanco de dados", "TabBanco de dados\TabBanco de dados.csproj", "{107249F7-8283-444D-AB44-2E369E438057}"
EndProject
Global
	GlobalSection(SolutionConfigurationPlatforms) = preSolution
		Debug|Any CPU = Debug|Any CPU
		Release|Any CPU = Release|Any CPU
	EndGlobalSection
	GlobalSection(ProjectConfigurationPlatforms) = postSolution
		{107249F7-8283-444D-AB44-2E369E438057}.Debug|Any CPU.ActiveCfg = Debug|Any CPU
		{107249F7-8283-444D-AB44-2E369E438057}.Debug|Any CPU.Build.0 = Debug|Any CPU
		{107249F7-8283-444D-AB44-2E369E438057}.Release|Any CPU.ActiveCfg = Release|Any CPU
		{107249F7-8283-444D-AB44-2E369E438057}.Release|Any CPU.Build.0 = Release|Any CPU
	EndGlobalSection
	GlobalSection(SolutionProperties) = preSolution
		HideSolutionNode = FALSE
	EndGlobalSection
	GlobalSection(ExtensibilityGlobals) = postSolution
		SolutionGuid = {49F1D44E-047B-437F-8846-A7E1221DBE6B}
	EndGlobalSection
EndGlobal
